// !$*UTF8*$!
{
	archiveVersion = 1;
	classes = {
	};
	objectVersion = 55;
	objects = {

/* Begin PBXBuildFile section */
		1339F5D228A5345300261743 /* AppDelegate.swift in Sources */ = {isa = PBXBuildFile; fileRef = 1339F5D128A5345200261743 /* AppDelegate.swift */; };
		1339F5D428A5345300261743 /* SceneDelegate.swift in Sources */ = {isa = PBXBuildFile; fileRef = 1339F5D328A5345300261743 /* SceneDelegate.swift */; };
		1339F5D628A5345300261743 /* ViewController.swift in Sources */ = {isa = PBXBuildFile; fileRef = 1339F5D528A5345300261743 /* ViewController.swift */; };
		1339F5D928A5345300261743 /* Main.storyboard in Resources */ = {isa = PBXBuildFile; fileRef = 1339F5D728A5345300261743 /* Main.storyboard */; };
		1339F5DB28A5345400261743 /* Assets.xcassets in Resources */ = {isa = PBXBuildFile; fileRef = 1339F5DA28A5345400261743 /* Assets.xcassets */; };
		1339F5DE28A5345400261743 /* LaunchScreen.storyboard in Resources */ = {isa = PBXBuildFile; fileRef = 1339F5DC28A5345400261743 /* LaunchScreen.storyboard */; };
		1339F5E928A5345400261743 /* Netflix_CloneTests.swift in Sources */ = {isa = PBXBuildFile; fileRef = 1339F5E828A5345400261743 /* Netflix_CloneTests.swift */; };
		1339F5F328A5345400261743 /* Netflix_CloneUITests.swift in Sources */ = {isa = PBXBuildFile; fileRef = 1339F5F228A5345400261743 /* Netflix_CloneUITests.swift */; };
		1339F5F528A5345400261743 /* Netflix_CloneUITestsLaunchTests.swift in Sources */ = {isa = PBXBuildFile; fileRef = 1339F5F428A5345400261743 /* Netflix_CloneUITestsLaunchTests.swift */; };
		1339F60328A5348100261743 /* HomeViewController.swift in Sources */ = {isa = PBXBuildFile; fileRef = 1339F60228A5348100261743 /* HomeViewController.swift */; };
		1339F60528A5349400261743 /* UpcomingViewController.swift in Sources */ = {isa = PBXBuildFile; fileRef = 1339F60428A5349400261743 /* UpcomingViewController.swift */; };
		1339F60728A534A400261743 /* SearchViewController.swift in Sources */ = {isa = PBXBuildFile; fileRef = 1339F60628A534A400261743 /* SearchViewController.swift */; };
		1339F60928A534B500261743 /* DownloadsViewController.swift in Sources */ = {isa = PBXBuildFile; fileRef = 1339F60828A534B500261743 /* DownloadsViewController.swift */; };
		1339F60C28A534EE00261743 /* MainTabbarViewController.swift in Sources */ = {isa = PBXBuildFile; fileRef = 1339F60B28A534EE00261743 /* MainTabbarViewController.swift */; };
		1339F61228A549E000261743 /* CollectionViewTableViewCell.swift in Sources */ = {isa = PBXBuildFile; fileRef = 1339F61128A549E000261743 /* CollectionViewTableViewCell.swift */; };
		1339F61428A555EF00261743 /* HeroHeaderUIView.swift in Sources */ = {isa = PBXBuildFile; fileRef = 1339F61328A555EF00261743 /* HeroHeaderUIView.swift */; };
/* End PBXBuildFile section */

/* Begin PBXContainerItemProxy section */
		1339F5E528A5345400261743 /* PBXContainerItemProxy */ = {
			isa = PBXContainerItemProxy;
			containerPortal = 1339F5C628A5345200261743 /* Project object */;
			proxyType = 1;
			remoteGlobalIDString = 1339F5CD28A5345200261743;
			remoteInfo = "Netflix Clone";
		};
		1339F5EF28A5345400261743 /* PBXContainerItemProxy */ = {
			isa = PBXContainerItemProxy;
			containerPortal = 1339F5C628A5345200261743 /* Project object */;
			proxyType = 1;
			remoteGlobalIDString = 1339F5CD28A5345200261743;
			remoteInfo = "Netflix Clone";
		};
/* End PBXContainerItemProxy section */

/* Begin PBXFileReference section */
		1339F5CE28A5345200261743 /* Netflix Clone.app */ = {isa = PBXFileReference; explicitFileType = wrapper.application; includeInIndex = 0; path = "Netflix Clone.app"; sourceTree = BUILT_PRODUCTS_DIR; };
		1339F5D128A5345200261743 /* AppDelegate.swift */ = {isa = PBXFileReference; lastKnownFileType = sourcecode.swift; path = AppDelegate.swift; sourceTree = "<group>"; };
		1339F5D328A5345300261743 /* SceneDelegate.swift */ = {isa = PBXFileReference; lastKnownFileType = sourcecode.swift; path = SceneDelegate.swift; sourceTree = "<group>"; };
		1339F5D528A5345300261743 /* ViewController.swift */ = {isa = PBXFileReference; lastKnownFileType = sourcecode.swift; path = ViewController.swift; sourceTree = "<group>"; };
		1339F5D828A5345300261743 /* Base */ = {isa = PBXFileReference; lastKnownFileType = file.storyboard; name = Base; path = Base.lproj/Main.storyboard; sourceTree = "<group>"; };
		1339F5DA28A5345400261743 /* Assets.xcassets */ = {isa = PBXFileReference; lastKnownFileType = folder.assetcatalog; path = Assets.xcassets; sourceTree = "<group>"; };
		1339F5DD28A5345400261743 /* Base */ = {isa = PBXFileReference; lastKnownFileType = file.storyboard; name = Base; path = Base.lproj/LaunchScreen.storyboard; sourceTree = "<group>"; };
		1339F5DF28A5345400261743 /* Info.plist */ = {isa = PBXFileReference; lastKnownFileType = text.plist.xml; path = Info.plist; sourceTree = "<group>"; };
		1339F5E428A5345400261743 /* Netflix CloneTests.xctest */ = {isa = PBXFileReference; explicitFileType = wrapper.cfbundle; includeInIndex = 0; path = "Netflix CloneTests.xctest"; sourceTree = BUILT_PRODUCTS_DIR; };
		1339F5E828A5345400261743 /* Netflix_CloneTests.swift */ = {isa = PBXFileReference; lastKnownFileType = sourcecode.swift; path = Netflix_CloneTests.swift; sourceTree = "<group>"; };
		1339F5EE28A5345400261743 /* Netflix CloneUITests.xctest */ = {isa = PBXFileReference; explicitFileType = wrapper.cfbundle; includeInIndex = 0; path = "Netflix CloneUITests.xctest"; sourceTree = BUILT_PRODUCTS_DIR; };
		1339F5F228A5345400261743 /* Netflix_CloneUITests.swift */ = {isa = PBXFileReference; lastKnownFileType = sourcecode.swift; path = Netflix_CloneUITests.swift; sourceTree = "<group>"; };
		1339F5F428A5345400261743 /* Netflix_CloneUITestsLaunchTests.swift */ = {isa = PBXFileReference; lastKnownFileType = sourcecode.swift; path = Netflix_CloneUITestsLaunchTests.swift; sourceTree = "<group>"; };
		1339F60228A5348100261743 /* HomeViewController.swift */ = {isa = PBXFileReference; lastKnownFileType = sourcecode.swift; path = HomeViewController.swift; sourceTree = "<group>"; };
		1339F60428A5349400261743 /* UpcomingViewController.swift */ = {isa = PBXFileReference; lastKnownFileType = sourcecode.swift; path = UpcomingViewController.swift; sourceTree = "<group>"; };
		1339F60628A534A400261743 /* SearchViewController.swift */ = {isa = PBXFileReference; lastKnownFileType = sourcecode.swift; path = SearchViewController.swift; sourceTree = "<group>"; };
		1339F60828A534B500261743 /* DownloadsViewController.swift */ = {isa = PBXFileReference; lastKnownFileType = sourcecode.swift; path = DownloadsViewController.swift; sourceTree = "<group>"; };
		1339F60B28A534EE00261743 /* MainTabbarViewController.swift */ = {isa = PBXFileReference; lastKnownFileType = sourcecode.swift; path = MainTabbarViewController.swift; sourceTree = "<group>"; };
		1339F61128A549E000261743 /* CollectionViewTableViewCell.swift */ = {isa = PBXFileReference; lastKnownFileType = sourcecode.swift; path = CollectionViewTableViewCell.swift; sourceTree = "<group>"; };
		1339F61328A555EF00261743 /* HeroHeaderUIView.swift */ = {isa = PBXFileReference; lastKnownFileType = sourcecode.swift; path = HeroHeaderUIView.swift; sourceTree = "<group>"; };
/* End PBXFileReference section */

/* Begin PBXFrameworksBuildPhase section */
		1339F5CB28A5345200261743 /* Frameworks */ = {
			isa = PBXFrameworksBuildPhase;
			buildActionMask = 2147483647;
			files = (
			);
			runOnlyForDeploymentPostprocessing = 0;
		};
		1339F5E128A5345400261743 /* Frameworks */ = {
			isa = PBXFrameworksBuildPhase;
			buildActionMask = 2147483647;
			files = (
			);
			runOnlyForDeploymentPostprocessing = 0;
		};
		1339F5EB28A5345400261743 /* Frameworks */ = {
			isa = PBXFrameworksBuildPhase;
			buildActionMask = 2147483647;
			files = (
			);
			runOnlyForDeploymentPostprocessing = 0;
		};
/* End PBXFrameworksBuildPhase section */

/* Begin PBXGroup section */
		1339F5C528A5345200261743 = {
			isa = PBXGroup;
			children = (
				1339F5D028A5345200261743 /* Netflix Clone */,
				1339F5E728A5345400261743 /* Netflix CloneTests */,
				1339F5F128A5345400261743 /* Netflix CloneUITests */,
				1339F5CF28A5345200261743 /* Products */,
			);
			sourceTree = "<group>";
		};
		1339F5CF28A5345200261743 /* Products */ = {
			isa = PBXGroup;
			children = (
				1339F5CE28A5345200261743 /* Netflix Clone.app */,
				1339F5E428A5345400261743 /* Netflix CloneTests.xctest */,
				1339F5EE28A5345400261743 /* Netflix CloneUITests.xctest */,
			);
			name = Products;
			sourceTree = "<group>";
		};
		1339F5D028A5345200261743 /* Netflix Clone */ = {
			isa = PBXGroup;
			children = (
				1339F61028A5499500261743 /* Resources */,
				1339F60F28A5498500261743 /* Models */,
				1339F60E28A5497300261743 /* ViewModels */,
				1339F60D28A5496500261743 /* Views */,
				1339F60A28A534C500261743 /* TabView */,
				1339F60128A5346000261743 /* Controllers */,
				1339F5D128A5345200261743 /* AppDelegate.swift */,
				1339F5D328A5345300261743 /* SceneDelegate.swift */,
				1339F5D528A5345300261743 /* ViewController.swift */,
				1339F5D728A5345300261743 /* Main.storyboard */,
				1339F5DA28A5345400261743 /* Assets.xcassets */,
				1339F5DC28A5345400261743 /* LaunchScreen.storyboard */,
				1339F5DF28A5345400261743 /* Info.plist */,
			);
			path = "Netflix Clone";
			sourceTree = "<group>";
		};
		1339F5E728A5345400261743 /* Netflix CloneTests */ = {
			isa = PBXGroup;
			children = (
				1339F5E828A5345400261743 /* Netflix_CloneTests.swift */,
			);
			path = "Netflix CloneTests";
			sourceTree = "<group>";
		};
		1339F5F128A5345400261743 /* Netflix CloneUITests */ = {
			isa = PBXGroup;
			children = (
				1339F5F228A5345400261743 /* Netflix_CloneUITests.swift */,
				1339F5F428A5345400261743 /* Netflix_CloneUITestsLaunchTests.swift */,
			);
			path = "Netflix CloneUITests";
			sourceTree = "<group>";
		};
		1339F60128A5346000261743 /* Controllers */ = {
			isa = PBXGroup;
			children = (
				1339F60228A5348100261743 /* HomeViewController.swift */,
				1339F60428A5349400261743 /* UpcomingViewController.swift */,
				1339F60628A534A400261743 /* SearchViewController.swift */,
				1339F60828A534B500261743 /* DownloadsViewController.swift */,
			);
			path = Controllers;
			sourceTree = "<group>";
		};
		1339F60A28A534C500261743 /* TabView */ = {
			isa = PBXGroup;
			children = (
				1339F60B28A534EE00261743 /* MainTabbarViewController.swift */,
			);
			path = TabView;
			sourceTree = "<group>";
		};
		1339F60D28A5496500261743 /* Views */ = {
			isa = PBXGroup;
			children = (
				1339F61128A549E000261743 /* CollectionViewTableViewCell.swift */,
				1339F61328A555EF00261743 /* HeroHeaderUIView.swift */,
			);
			path = Views;
			sourceTree = "<group>";
		};
		1339F60E28A5497300261743 /* ViewModels */ = {
			isa = PBXGroup;
			children = (
			);
			path = ViewModels;
			sourceTree = "<group>";
		};
		1339F60F28A5498500261743 /* Models */ = {
			isa = PBXGroup;
			children = (
			);
			path = Models;
			sourceTree = "<group>";
		};
		1339F61028A5499500261743 /* Resources */ = {
			isa = PBXGroup;
			children = (
			);
			path = Resources;
			sourceTree = "<group>";
		};
/* End PBXGroup section */

/* Begin PBXNativeTarget section */
		1339F5CD28A5345200261743 /* Netflix Clone */ = {
			isa = PBXNativeTarget;
			buildConfigurationList = 1339F5F828A5345400261743 /* Build configuration list for PBXNativeTarget "Netflix Clone" */;
			buildPhases = (
				1339F5CA28A5345200261743 /* Sources */,
				1339F5CB28A5345200261743 /* Frameworks */,
				1339F5CC28A5345200261743 /* Resources */,
			);
			buildRules = (
			);
			dependencies = (
			);
			name = "Netflix Clone";
			productName = "Netflix Clone";
			productReference = 1339F5CE28A5345200261743 /* Netflix Clone.app */;
			productType = "com.apple.product-type.application";
		};
		1339F5E328A5345400261743 /* Netflix CloneTests */ = {
			isa = PBXNativeTarget;
			buildConfigurationList = 1339F5FB28A5345400261743 /* Build configuration list for PBXNativeTarget "Netflix CloneTests" */;
			buildPhases = (
				1339F5E028A5345400261743 /* Sources */,
				1339F5E128A5345400261743 /* Frameworks */,
				1339F5E228A5345400261743 /* Resources */,
			);
			buildRules = (
			);
			dependencies = (
				1339F5E628A5345400261743 /* PBXTargetDependency */,
			);
			name = "Netflix CloneTests";
			productName = "Netflix CloneTests";
			productReference = 1339F5E428A5345400261743 /* Netflix CloneTests.xctest */;
			productType = "com.apple.product-type.bundle.unit-test";
		};
		1339F5ED28A5345400261743 /* Netflix CloneUITests */ = {
			isa = PBXNativeTarget;
			buildConfigurationList = 1339F5FE28A5345400261743 /* Build configuration list for PBXNativeTarget "Netflix CloneUITests" */;
			buildPhases = (
				1339F5EA28A5345400261743 /* Sources */,
				1339F5EB28A5345400261743 /* Frameworks */,
				1339F5EC28A5345400261743 /* Resources */,
			);
			buildRules = (
			);
			dependencies = (
				1339F5F028A5345400261743 /* PBXTargetDependency */,
			);
			name = "Netflix CloneUITests";
			productName = "Netflix CloneUITests";
			productReference = 1339F5EE28A5345400261743 /* Netflix CloneUITests.xctest */;
			productType = "com.apple.product-type.bundle.ui-testing";
		};
/* End PBXNativeTarget section */

/* Begin PBXProject section */
		1339F5C628A5345200261743 /* Project object */ = {
			isa = PBXProject;
			attributes = {
				BuildIndependentTargetsInParallel = 1;
				LastSwiftUpdateCheck = 1320;
				LastUpgradeCheck = 1320;
				TargetAttributes = {
					1339F5CD28A5345200261743 = {
						CreatedOnToolsVersion = 13.2.1;
					};
					1339F5E328A5345400261743 = {
						CreatedOnToolsVersion = 13.2.1;
						TestTargetID = 1339F5CD28A5345200261743;
					};
					1339F5ED28A5345400261743 = {
						CreatedOnToolsVersion = 13.2.1;
						TestTargetID = 1339F5CD28A5345200261743;
					};
				};
			};
			buildConfigurationList = 1339F5C928A5345200261743 /* Build configuration list for PBXProject "Netflix Clone" */;
			compatibilityVersion = "Xcode 13.0";
			developmentRegion = en;
			hasScannedForEncodings = 0;
			knownRegions = (
				en,
				Base,
			);
			mainGroup = 1339F5C528A5345200261743;
			productRefGroup = 1339F5CF28A5345200261743 /* Products */;
			projectDirPath = "";
			projectRoot = "";
			targets = (
				1339F5CD28A5345200261743 /* Netflix Clone */,
				1339F5E328A5345400261743 /* Netflix CloneTests */,
				1339F5ED28A5345400261743 /* Netflix CloneUITests */,
			);
		};
/* End PBXProject section */

/* Begin PBXResourcesBuildPhase section */
		1339F5CC28A5345200261743 /* Resources */ = {
			isa = PBXResourcesBuildPhase;
			buildActionMask = 2147483647;
			files = (
				1339F5DE28A5345400261743 /* LaunchScreen.storyboard in Resources */,
				1339F5DB28A5345400261743 /* Assets.xcassets in Resources */,
				1339F5D928A5345300261743 /* Main.storyboard in Resources */,
			);
			runOnlyForDeploymentPostprocessing = 0;
		};
		1339F5E228A5345400261743 /* Resources */ = {
			isa = PBXResourcesBuildPhase;
			buildActionMask = 2147483647;
			files = (
			);
			runOnlyForDeploymentPostprocessing = 0;
		};
		1339F5EC28A5345400261743 /* Resources */ = {
			isa = PBXResourcesBuildPhase;
			buildActionMask = 2147483647;
			files = (
			);
			runOnlyForDeploymentPostprocessing = 0;
		};
/* End PBXResourcesBuildPhase section */

/* Begin PBXSourcesBuildPhase section */
		1339F5CA28A5345200261743 /* Sources */ = {
			isa = PBXSourcesBuildPhase;
			buildActionMask = 2147483647;
			files = (
				1339F60728A534A400261743 /* SearchViewController.swift in Sources */,
				1339F61428A555EF00261743 /* HeroHeaderUIView.swift in Sources */,
				1339F60C28A534EE00261743 /* MainTabbarViewController.swift in Sources */,
				1339F5D628A5345300261743 /* ViewController.swift in Sources */,
				1339F60928A534B500261743 /* DownloadsViewController.swift in Sources */,
				1339F5D228A5345300261743 /* AppDelegate.swift in Sources */,
				1339F61228A549E000261743 /* CollectionViewTableViewCell.swift in Sources */,
				1339F5D428A5345300261743 /* SceneDelegate.swift in Sources */,
				1339F60528A5349400261743 /* UpcomingViewController.swift in Sources */,
				1339F60328A5348100261743 /* HomeViewController.swift in Sources */,
			);
			runOnlyForDeploymentPostprocessing = 0;
		};
		1339F5E028A5345400261743 /* Sources */ = {
			isa = PBXSourcesBuildPhase;
			buildActionMask = 2147483647;
			files = (
				1339F5E928A5345400261743 /* Netflix_CloneTests.swift in Sources */,
			);
			runOnlyForDeploymentPostprocessing = 0;
		};
		1339F5EA28A5345400261743 /* Sources */ = {
			isa = PBXSourcesBuildPhase;
			buildActionMask = 2147483647;
			files = (
				1339F5F328A5345400261743 /* Netflix_CloneUITests.swift in Sources */,
				1339F5F528A5345400261743 /* Netflix_CloneUITestsLaunchTests.swift in Sources */,
			);
			runOnlyForDeploymentPostprocessing = 0;
		};
/* End PBXSourcesBuildPhase section */

/* Begin PBXTargetDependency section */
		1339F5E628A5345400261743 /* PBXTargetDependency */ = {
			isa = PBXTargetDependency;
			target = 1339F5CD28A5345200261743 /* Netflix Clone */;
			targetProxy = 1339F5E528A5345400261743 /* PBXContainerItemProxy */;
		};
		1339F5F028A5345400261743 /* PBXTargetDependency */ = {
			isa = PBXTargetDependency;
			target = 1339F5CD28A5345200261743 /* Netflix Clone */;
			targetProxy = 1339F5EF28A5345400261743 /* PBXContainerItemProxy */;
		};
/* End PBXTargetDependency section */

/* Begin PBXVariantGroup section */
		1339F5D728A5345300261743 /* Main.storyboard */ = {
			isa = PBXVariantGroup;
			children = (
				1339F5D828A5345300261743 /* Base */,
			);
			name = Main.storyboard;
			sourceTree = "<group>";
		};
		1339F5DC28A5345400261743 /* LaunchScreen.storyboard */ = {
			isa = PBXVariantGroup;
			children = (
				1339F5DD28A5345400261743 /* Base */,
			);
			name = LaunchScreen.storyboard;
			sourceTree = "<group>";
		};
/* End PBXVariantGroup section */

/* Begin XCBuildConfiguration section */
		1339F5F628A5345400261743 /* Debug */ = {
			isa = XCBuildConfiguration;
			buildSettings = {
				ALWAYS_SEARCH_USER_PATHS = NO;
				CLANG_ANALYZER_NONNULL = YES;
				CLANG_ANALYZER_NUMBER_OBJECT_CONVERSION = YES_AGGRESSIVE;
				CLANG_CXX_LANGUAGE_STANDARD = "gnu++17";
				CLANG_CXX_LIBRARY = "libc++";
				CLANG_ENABLE_MODULES = YES;
				CLANG_ENABLE_OBJC_ARC = YES;
				CLANG_ENABLE_OBJC_WEAK = YES;
				CLANG_WARN_BLOCK_CAPTURE_AUTORELEASING = YES;
				CLANG_WARN_BOOL_CONVERSION = YES;
				CLANG_WARN_COMMA = YES;
				CLANG_WARN_CONSTANT_CONVERSION = YES;
				CLANG_WARN_DEPRECATED_OBJC_IMPLEMENTATIONS = YES;
				CLANG_WARN_DIRECT_OBJC_ISA_USAGE = YES_ERROR;
				CLANG_WARN_DOCUMENTATION_COMMENTS = YES;
				CLANG_WARN_EMPTY_BODY = YES;
				CLANG_WARN_ENUM_CONVERSION = YES;
				CLANG_WARN_INFINITE_RECURSION = YES;
				CLANG_WARN_INT_CONVERSION = YES;
				CLANG_WARN_NON_LITERAL_NULL_CONVERSION = YES;
				CLANG_WARN_OBJC_IMPLICIT_RETAIN_SELF = YES;
				CLANG_WARN_OBJC_LITERAL_CONVERSION = YES;
				CLANG_WARN_OBJC_ROOT_CLASS = YES_ERROR;
				CLANG_WARN_QUOTED_INCLUDE_IN_FRAMEWORK_HEADER = YES;
				CLANG_WARN_RANGE_LOOP_ANALYSIS = YES;
				CLANG_WARN_STRICT_PROTOTYPES = YES;
				CLANG_WARN_SUSPICIOUS_MOVE = YES;
				CLANG_WARN_UNGUARDED_AVAILABILITY = YES_AGGRESSIVE;
				CLANG_WARN_UNREACHABLE_CODE = YES;
				CLANG_WARN__DUPLICATE_METHOD_MATCH = YES;
				COPY_PHASE_STRIP = NO;
				DEBUG_INFORMATION_FORMAT = dwarf;
				ENABLE_STRICT_OBJC_MSGSEND = YES;
				ENABLE_TESTABILITY = YES;
				GCC_C_LANGUAGE_STANDARD = gnu11;
				GCC_DYNAMIC_NO_PIC = NO;
				GCC_NO_COMMON_BLOCKS = YES;
				GCC_OPTIMIZATION_LEVEL = 0;
				GCC_PREPROCESSOR_DEFINITIONS = (
					"DEBUG=1",
					"$(inherited)",
				);
				GCC_WARN_64_TO_32_BIT_CONVERSION = YES;
				GCC_WARN_ABOUT_RETURN_TYPE = YES_ERROR;
				GCC_WARN_UNDECLARED_SELECTOR = YES;
				GCC_WARN_UNINITIALIZED_AUTOS = YES_AGGRESSIVE;
				GCC_WARN_UNUSED_FUNCTION = YES;
				GCC_WARN_UNUSED_VARIABLE = YES;
				IPHONEOS_DEPLOYMENT_TARGET = 15.2;
				MTL_ENABLE_DEBUG_INFO = INCLUDE_SOURCE;
				MTL_FAST_MATH = YES;
				ONLY_ACTIVE_ARCH = YES;
				SDKROOT = iphoneos;
				SWIFT_ACTIVE_COMPILATION_CONDITIONS = DEBUG;
				SWIFT_OPTIMIZATION_LEVEL = "-Onone";
			};
			name = Debug;
		};
		1339F5F728A5345400261743 /* Release */ = {
			isa = XCBuildConfiguration;
			buildSettings = {
				ALWAYS_SEARCH_USER_PATHS = NO;
				CLANG_ANALYZER_NONNULL = YES;
				CLANG_ANALYZER_NUMBER_OBJECT_CONVERSION = YES_AGGRESSIVE;
				CLANG_CXX_LANGUAGE_STANDARD = "gnu++17";
				CLANG_CXX_LIBRARY = "libc++";
				CLANG_ENABLE_MODULES = YES;
				CLANG_ENABLE_OBJC_ARC = YES;
				CLANG_ENABLE_OBJC_WEAK = YES;
				CLANG_WARN_BLOCK_CAPTURE_AUTORELEASING = YES;
				CLANG_WARN_BOOL_CONVERSION = YES;
				CLANG_WARN_COMMA = YES;
				CLANG_WARN_CONSTANT_CONVERSION = YES;
				CLANG_WARN_DEPRECATED_OBJC_IMPLEMENTATIONS = YES;
				CLANG_WARN_DIRECT_OBJC_ISA_USAGE = YES_ERROR;
				CLANG_WARN_DOCUMENTATION_COMMENTS = YES;
				CLANG_WARN_EMPTY_BODY = YES;
				CLANG_WARN_ENUM_CONVERSION = YES;
				CLANG_WARN_INFINITE_RECURSION = YES;
				CLANG_WARN_INT_CONVERSION = YES;
				CLANG_WARN_NON_LITERAL_NULL_CONVERSION = YES;
				CLANG_WARN_OBJC_IMPLICIT_RETAIN_SELF = YES;
				CLANG_WARN_OBJC_LITERAL_CONVERSION = YES;
				CLANG_WARN_OBJC_ROOT_CLASS = YES_ERROR;
				CLANG_WARN_QUOTED_INCLUDE_IN_FRAMEWORK_HEADER = YES;
				CLANG_WARN_RANGE_LOOP_ANALYSIS = YES;
				CLANG_WARN_STRICT_PROTOTYPES = YES;
				CLANG_WARN_SUSPICIOUS_MOVE = YES;
				CLANG_WARN_UNGUARDED_AVAILABILITY = YES_AGGRESSIVE;
				CLANG_WARN_UNREACHABLE_CODE = YES;
				CLANG_WARN__DUPLICATE_METHOD_MATCH = YES;
				COPY_PHASE_STRIP = NO;
				DEBUG_INFORMATION_FORMAT = "dwarf-with-dsym";
				ENABLE_NS_ASSERTIONS = NO;
				ENABLE_STRICT_OBJC_MSGSEND = YES;
				GCC_C_LANGUAGE_STANDARD = gnu11;
				GCC_NO_COMMON_BLOCKS = YES;
				GCC_WARN_64_TO_32_BIT_CONVERSION = YES;
				GCC_WARN_ABOUT_RETURN_TYPE = YES_ERROR;
				GCC_WARN_UNDECLARED_SELECTOR = YES;
				GCC_WARN_UNINITIALIZED_AUTOS = YES_AGGRESSIVE;
				GCC_WARN_UNUSED_FUNCTION = YES;
				GCC_WARN_UNUSED_VARIABLE = YES;
				IPHONEOS_DEPLOYMENT_TARGET = 15.2;
				MTL_ENABLE_DEBUG_INFO = NO;
				MTL_FAST_MATH = YES;
				SDKROOT = iphoneos;
				SWIFT_COMPILATION_MODE = wholemodule;
				SWIFT_OPTIMIZATION_LEVEL = "-O";
				VALIDATE_PRODUCT = YES;
			};
			name = Release;
		};
		1339F5F928A5345400261743 /* Debug */ = {
			isa = XCBuildConfiguration;
			buildSettings = {
				ASSETCATALOG_COMPILER_APPICON_NAME = AppIcon;
				ASSETCATALOG_COMPILER_GLOBAL_ACCENT_COLOR_NAME = AccentColor;
				CODE_SIGN_STYLE = Automatic;
				CURRENT_PROJECT_VERSION = 1;
				GENERATE_INFOPLIST_FILE = YES;
				INFOPLIST_FILE = "Netflix Clone/Info.plist";
				INFOPLIST_KEY_UIApplicationSupportsIndirectInputEvents = YES;
				INFOPLIST_KEY_UILaunchStoryboardName = LaunchScreen;
				INFOPLIST_KEY_UIMainStoryboardFile = "";
				INFOPLIST_KEY_UISupportedInterfaceOrientations_iPad = "UIInterfaceOrientationPortrait UIInterfaceOrientationPortraitUpsideDown UIInterfaceOrientationLandscapeLeft UIInterfaceOrientationLandscapeRight";
				INFOPLIST_KEY_UISupportedInterfaceOrientations_iPhone = "UIInterfaceOrientationPortrait UIInterfaceOrientationLandscapeLeft UIInterfaceOrientationLandscapeRight";
				LD_RUNPATH_SEARCH_PATHS = (
					"$(inherited)",
					"@executable_path/Frameworks",
				);
				MARKETING_VERSION = 1.0;
				PRODUCT_BUNDLE_IDENTIFIER = "ManishSurti.Netflix-Clone";
				PRODUCT_NAME = "$(TARGET_NAME)";
				SWIFT_EMIT_LOC_STRINGS = YES;
				SWIFT_VERSION = 5.0;
				TARGETED_DEVICE_FAMILY = "1,2";
			};
			name = Debug;
		};
		1339F5FA28A5345400261743 /* Release */ = {
			isa = XCBuildConfiguration;
			buildSettings = {
				ASSETCATALOG_COMPILER_APPICON_NAME = AppIcon;
				ASSETCATALOG_COMPILER_GLOBAL_ACCENT_COLOR_NAME = AccentColor;
				CODE_SIGN_STYLE = Automatic;
				CURRENT_PROJECT_VERSION = 1;
				GENERATE_INFOPLIST_FILE = YES;
				INFOPLIST_FILE = "Netflix Clone/Info.plist";
				INFOPLIST_KEY_UIApplicationSupportsIndirectInputEvents = YES;
				INFOPLIST_KEY_UILaunchStoryboardName = LaunchScreen;
				INFOPLIST_KEY_UIMainStoryboardFile = "";
				INFOPLIST_KEY_UISupportedInterfaceOrientations_iPad = "UIInterfaceOrientationPortrait UIInterfaceOrientationPortraitUpsideDown UIInterfaceOrientationLandscapeLeft UIInterfaceOrientationLandscapeRight";
				INFOPLIST_KEY_UISupportedInterfaceOrientations_iPhone = "UIInterfaceOrientationPortrait UIInterfaceOrientationLandscapeLeft UIInterfaceOrientationLandscapeRight";
				LD_RUNPATH_SEARCH_PATHS = (
					"$(inherited)",
					"@executable_path/Frameworks",
				);
				MARKETING_VERSION = 1.0;
				PRODUCT_BUNDLE_IDENTIFIER = "ManishSurti.Netflix-Clone";
				PRODUCT_NAME = "$(TARGET_NAME)";
				SWIFT_EMIT_LOC_STRINGS = YES;
				SWIFT_VERSION = 5.0;
				TARGETED_DEVICE_FAMILY = "1,2";
			};
			name = Release;
		};
		1339F5FC28A5345400261743 /* Debug */ = {
			isa = XCBuildConfiguration;
			buildSettings = {
				ALWAYS_EMBED_SWIFT_STANDARD_LIBRARIES = YES;
				BUNDLE_LOADER = "$(TEST_HOST)";
				CODE_SIGN_STYLE = Automatic;
				CURRENT_PROJECT_VERSION = 1;
				GENERATE_INFOPLIST_FILE = YES;
				IPHONEOS_DEPLOYMENT_TARGET = 15.2;
				MARKETING_VERSION = 1.0;
				PRODUCT_BUNDLE_IDENTIFIER = "ManishSurti.Netflix-CloneTests";
				PRODUCT_NAME = "$(TARGET_NAME)";
				SWIFT_EMIT_LOC_STRINGS = NO;
				SWIFT_VERSION = 5.0;
				TARGETED_DEVICE_FAMILY = "1,2";
				TEST_HOST = "$(BUILT_PRODUCTS_DIR)/Netflix Clone.app/Netflix Clone";
			};
			name = Debug;
		};
		1339F5FD28A5345400261743 /* Release */ = {
			isa = XCBuildConfiguration;
			buildSettings = {
				ALWAYS_EMBED_SWIFT_STANDARD_LIBRARIES = YES;
				BUNDLE_LOADER = "$(TEST_HOST)";
				CODE_SIGN_STYLE = Automatic;
				CURRENT_PROJECT_VERSION = 1;
				GENERATE_INFOPLIST_FILE = YES;
				IPHONEOS_DEPLOYMENT_TARGET = 15.2;
				MARKETING_VERSION = 1.0;
				PRODUCT_BUNDLE_IDENTIFIER = "ManishSurti.Netflix-CloneTests";
				PRODUCT_NAME = "$(TARGET_NAME)";
				SWIFT_EMIT_LOC_STRINGS = NO;
				SWIFT_VERSION = 5.0;
				TARGETED_DEVICE_FAMILY = "1,2";
				TEST_HOST = "$(BUILT_PRODUCTS_DIR)/Netflix Clone.app/Netflix Clone";
			};
			name = Release;
		};
		1339F5FF28A5345400261743 /* Debug */ = {
			isa = XCBuildConfiguration;
			buildSettings = {
				ALWAYS_EMBED_SWIFT_STANDARD_LIBRARIES = YES;
				CODE_SIGN_STYLE = Automatic;
				CURRENT_PROJECT_VERSION = 1;
				GENERATE_INFOPLIST_FILE = YES;
				MARKETING_VERSION = 1.0;
				PRODUCT_BUNDLE_IDENTIFIER = "ManishSurti.Netflix-CloneUITests";
				PRODUCT_NAME = "$(TARGET_NAME)";
				SWIFT_EMIT_LOC_STRINGS = NO;
				SWIFT_VERSION = 5.0;
				TARGETED_DEVICE_FAMILY = "1,2";
				TEST_TARGET_NAME = "Netflix Clone";
			};
			name = Debug;
		};
		1339F60028A5345400261743 /* Release */ = {
			isa = XCBuildConfiguration;
			buildSettings = {
				ALWAYS_EMBED_SWIFT_STANDARD_LIBRARIES = YES;
				CODE_SIGN_STYLE = Automatic;
				CURRENT_PROJECT_VERSION = 1;
				GENERATE_INFOPLIST_FILE = YES;
				MARKETING_VERSION = 1.0;
				PRODUCT_BUNDLE_IDENTIFIER = "ManishSurti.Netflix-CloneUITests";
				PRODUCT_NAME = "$(TARGET_NAME)";
				SWIFT_EMIT_LOC_STRINGS = NO;
				SWIFT_VERSION = 5.0;
				TARGETED_DEVICE_FAMILY = "1,2";
				TEST_TARGET_NAME = "Netflix Clone";
			};
			name = Release;
		};
/* End XCBuildConfiguration section */

/* Begin XCConfigurationList section */
		1339F5C928A5345200261743 /* Build configuration list for PBXProject "Netflix Clone" */ = {
			isa = XCConfigurationList;
			buildConfigurations = (
				1339F5F628A5345400261743 /* Debug */,
				1339F5F728A5345400261743 /* Release */,
			);
			defaultConfigurationIsVisible = 0;
			defaultConfigurationName = Release;
		};
		1339F5F828A5345400261743 /* Build configuration list for PBXNativeTarget "Netflix Clone" */ = {
			isa = XCConfigurationList;
			buildConfigurations = (
				1339F5F928A5345400261743 /* Debug */,
				1339F5FA28A5345400261743 /* Release */,
			);
			defaultConfigurationIsVisible = 0;
			defaultConfigurationName = Release;
		};
		1339F5FB28A5345400261743 /* Build configuration list for PBXNativeTarget "Netflix CloneTests" */ = {
			isa = XCConfigurationList;
			buildConfigurations = (
				1339F5FC28A5345400261743 /* Debug */,
				1339F5FD28A5345400261743 /* Release */,
			);
			defaultConfigurationIsVisible = 0;
			defaultConfigurationName = Release;
		};
		1339F5FE28A5345400261743 /* Build configuration list for PBXNativeTarget "Netflix CloneUITests" */ = {
			isa = XCConfigurationList;
			buildConfigurations = (
				1339F5FF28A5345400261743 /* Debug */,
				1339F60028A5345400261743 /* Release */,
			);
			defaultConfigurationIsVisible = 0;
			defaultConfigurationName = Release;
		};
/* End XCConfigurationList section */
	};
	rootObject = 1339F5C628A5345200261743 /* Project object */;
}
